
Microsoft Visual Studio Solution File, Format Version 12.00
# Visual Studio 14
VisualStudioVersion = 14.0.25420.1
MinimumVisualStudioVersion = 10.0.40219.1
Project("{FAE04EC0-301F-11D3-BF4B-00C04F79EFBC}") = "WebApplication", "WebApplication\WebApplication.csproj", "{779E2064-9981-479F-84CC-979F88CA238F}"
EndProject
Project("{FAE04EC0-301F-11D3-BF4B-00C04F79EFBC}") = "DemoWCFServiceApp", "DemoWCFServiceApp\DemoWCFServiceApp.csproj", "{8DA03FB6-028D-4D0E-BCC1-EEA516727D51}"
EndProject
Project("{FAE04EC0-301F-11D3-BF4B-00C04F79EFBC}") = "FileService.WcfHost", "FileService.WcfHost\FileService.WcfHost.csproj", "{EF7CEC18-37F5-4547-A58F-60886BAA2FB8}"
EndProject
Global
	GlobalSection(SolutionConfigurationPlatforms) = preSolution
		Debug|Any CPU = Debug|Any CPU
		Release|Any CPU = Release|Any CPU
	EndGlobalSection
	GlobalSection(ProjectConfigurationPlatforms) = postSolution
		{779E2064-9981-479F-84CC-979F88CA238F}.Debug|Any CPU.ActiveCfg = Debug|Any CPU
		{779E2064-9981-479F-84CC-979F88CA238F}.Debug|Any CPU.Build.0 = Debug|Any CPU
		{779E2064-9981-479F-84CC-979F88CA238F}.Release|Any CPU.ActiveCfg = Release|Any CPU
		{779E2064-9981-479F-84CC-979F88CA238F}.Release|Any CPU.Build.0 = Release|Any CPU
		{8DA03FB6-028D-4D0E-BCC1-EEA516727D51}.Debug|Any CPU.ActiveCfg = Debug|Any CPU
		{8DA03FB6-028D-4D0E-BCC1-EEA516727D51}.Debug|Any CPU.Build.0 = Debug|Any CPU
		{8DA03FB6-028D-4D0E-BCC1-EEA516727D51}.Release|Any CPU.ActiveCfg = Release|Any CPU
		{8DA03FB6-028D-4D0E-BCC1-EEA516727D51}.Release|Any CPU.Build.0 = Release|Any CPU
		{EF7CEC18-37F5-4547-A58F-60886BAA2FB8}.Debug|Any CPU.ActiveCfg = Debug|Any CPU
		{EF7CEC18-37F5-4547-A58F-60886BAA2FB8}.Debug|Any CPU.Build.0 = Debug|Any CPU
		{EF7CEC18-37F5-4547-A58F-60886BAA2FB8}.Release|Any CPU.ActiveCfg = Release|Any CPU
		{EF7CEC18-37F5-4547-A58F-60886BAA2FB8}.Release|Any CPU.Build.0 = Release|Any CPU
	EndGlobalSection
	GlobalSection(SolutionProperties) = preSolution
		HideSolutionNode = FALSE
	EndGlobalSection
EndGlobal
